
Microsoft Visual Studio Solution File, Format Version 12.00
Project("{FAE04EC0-301F-11D3-BF4B-00C04F79EFBC}") = "Azone.Gateway", "Azone.Gateway\Azone.Gateway.csproj", "{DA1CE2F2-A4BF-4EE8-B332-1CCE722628C4}"
EndProject
Project("{FAE04EC0-301F-11D3-BF4B-00C04F79EFBC}") = "Azone.AppHost", "Azone.AppHost\Azone.AppHost.csproj", "{458FA2CA-71F2-4505-ACA4-62735CDB0D1C}"
EndProject
Project("{FAE04EC0-301F-11D3-BF4B-00C04F79EFBC}") = "Azone.ServiceDefaults", "Azone.ServiceDefaults\Azone.ServiceDefaults.csproj", "{FA244F5B-ED70-4E54-A497-2ACF61FFF7C4}"
EndProject
Project("{FAE04EC0-301F-11D3-BF4B-00C04F79EFBC}") = "Azone.Auth", "Azone.Auth\Azone.Auth.csproj", "{61853527-BA74-4219-8C13-E3E94D996EAD}"
EndProject
Project("{FAE04EC0-301F-11D3-BF4B-00C04F79EFBC}") = "Azone.Infra.Shared", "Azone.Infra.Shared\Azone.Infra.Shared.csproj", "{70E47457-7FE7-4671-BA27-5316CAB4A785}"
EndProject
Project("{FAE04EC0-301F-11D3-BF4B-00C04F79EFBC}") = "Azone.Infra.Security", "Azone.Infra.Security\Azone.Infra.Security.csproj", "{598F0475-D52E-446C-9CD5-062AC29B101A}"
EndProject
Project("{FAE04EC0-301F-11D3-BF4B-00C04F79EFBC}") = "Azone.Infra.Common", "Azone.Infra.Common\Azone.Infra.Common.csproj", "{D6EFED28-D643-474B-A490-88359FB4CCE2}"
EndProject
Project("{FAE04EC0-301F-11D3-BF4B-00C04F79EFBC}") = "Azone.Infra.Contracts", "Azone.Infra.Contracts\Azone.Infra.Contracts.csproj", "{E812403D-BD58-48C4-BA11-3B0808916E25}"
EndProject
Project("{FAE04EC0-301F-11D3-BF4B-00C04F79EFBC}") = "Azone.Merchant", "Azone.Merchant\Azone.Merchant.csproj", "{B3328122-3012-4A55-AE87-D622F7CE06E8}"
EndProject
Global
	GlobalSection(SolutionConfigurationPlatforms) = preSolution
		Debug|Any CPU = Debug|Any CPU
		Release|Any CPU = Release|Any CPU
	EndGlobalSection
	GlobalSection(ProjectConfigurationPlatforms) = postSolution
		{DA1CE2F2-A4BF-4EE8-B332-1CCE722628C4}.Debug|Any CPU.ActiveCfg = Debug|Any CPU
		{DA1CE2F2-A4BF-4EE8-B332-1CCE722628C4}.Debug|Any CPU.Build.0 = Debug|Any CPU
		{DA1CE2F2-A4BF-4EE8-B332-1CCE722628C4}.Release|Any CPU.ActiveCfg = Release|Any CPU
		{DA1CE2F2-A4BF-4EE8-B332-1CCE722628C4}.Release|Any CPU.Build.0 = Release|Any CPU
		{458FA2CA-71F2-4505-ACA4-62735CDB0D1C}.Debug|Any CPU.ActiveCfg = Debug|Any CPU
		{458FA2CA-71F2-4505-ACA4-62735CDB0D1C}.Debug|Any CPU.Build.0 = Debug|Any CPU
		{458FA2CA-71F2-4505-ACA4-62735CDB0D1C}.Release|Any CPU.ActiveCfg = Release|Any CPU
		{458FA2CA-71F2-4505-ACA4-62735CDB0D1C}.Release|Any CPU.Build.0 = Release|Any CPU
		{FA244F5B-ED70-4E54-A497-2ACF61FFF7C4}.Debug|Any CPU.ActiveCfg = Debug|Any CPU
		{FA244F5B-ED70-4E54-A497-2ACF61FFF7C4}.Debug|Any CPU.Build.0 = Debug|Any CPU
		{FA244F5B-ED70-4E54-A497-2ACF61FFF7C4}.Release|Any CPU.ActiveCfg = Release|Any CPU
		{FA244F5B-ED70-4E54-A497-2ACF61FFF7C4}.Release|Any CPU.Build.0 = Release|Any CPU
		{61853527-BA74-4219-8C13-E3E94D996EAD}.Debug|Any CPU.ActiveCfg = Debug|Any CPU
		{61853527-BA74-4219-8C13-E3E94D996EAD}.Debug|Any CPU.Build.0 = Debug|Any CPU
		{61853527-BA74-4219-8C13-E3E94D996EAD}.Release|Any CPU.ActiveCfg = Release|Any CPU
		{61853527-BA74-4219-8C13-E3E94D996EAD}.Release|Any CPU.Build.0 = Release|Any CPU
		{70E47457-7FE7-4671-BA27-5316CAB4A785}.Debug|Any CPU.ActiveCfg = Debug|Any CPU
		{70E47457-7FE7-4671-BA27-5316CAB4A785}.Debug|Any CPU.Build.0 = Debug|Any CPU
		{70E47457-7FE7-4671-BA27-5316CAB4A785}.Release|Any CPU.ActiveCfg = Release|Any CPU
		{70E47457-7FE7-4671-BA27-5316CAB4A785}.Release|Any CPU.Build.0 = Release|Any CPU
		{598F0475-D52E-446C-9CD5-062AC29B101A}.Debug|Any CPU.ActiveCfg = Debug|Any CPU
		{598F0475-D52E-446C-9CD5-062AC29B101A}.Debug|Any CPU.Build.0 = Debug|Any CPU
		{598F0475-D52E-446C-9CD5-062AC29B101A}.Release|Any CPU.ActiveCfg = Release|Any CPU
		{598F0475-D52E-446C-9CD5-062AC29B101A}.Release|Any CPU.Build.0 = Release|Any CPU
		{D6EFED28-D643-474B-A490-88359FB4CCE2}.Debug|Any CPU.ActiveCfg = Debug|Any CPU
		{D6EFED28-D643-474B-A490-88359FB4CCE2}.Debug|Any CPU.Build.0 = Debug|Any CPU
		{D6EFED28-D643-474B-A490-88359FB4CCE2}.Release|Any CPU.ActiveCfg = Release|Any CPU
		{D6EFED28-D643-474B-A490-88359FB4CCE2}.Release|Any CPU.Build.0 = Release|Any CPU
		{E812403D-BD58-48C4-BA11-3B0808916E25}.Debug|Any CPU.ActiveCfg = Debug|Any CPU
		{E812403D-BD58-48C4-BA11-3B0808916E25}.Debug|Any CPU.Build.0 = Debug|Any CPU
		{E812403D-BD58-48C4-BA11-3B0808916E25}.Release|Any CPU.ActiveCfg = Release|Any CPU
		{E812403D-BD58-48C4-BA11-3B0808916E25}.Release|Any CPU.Build.0 = Release|Any CPU
		{B3328122-3012-4A55-AE87-D622F7CE06E8}.Debug|Any CPU.ActiveCfg = Debug|Any CPU
		{B3328122-3012-4A55-AE87-D622F7CE06E8}.Debug|Any CPU.Build.0 = Debug|Any CPU
		{B3328122-3012-4A55-AE87-D622F7CE06E8}.Release|Any CPU.ActiveCfg = Release|Any CPU
		{B3328122-3012-4A55-AE87-D622F7CE06E8}.Release|Any CPU.Build.0 = Release|Any CPU
	EndGlobalSection
EndGlobal
